
Microsoft Visual Studio Solution File, Format Version 12.00
# Visual Studio Version 16
VisualStudioVersion = 16.0.31105.61
MinimumVisualStudioVersion = 10.0.40219.1
Project("{FAE04EC0-301F-11D3-BF4B-00C04F79EFBC}") = "Proyecto unidad 5 y 6", "Proyecto unidad 5 y 6\Proyecto unidad 5 y 6.csproj", "{48A35E74-2CB7-4581-AB87-6FBCC79060CC}"
EndProject
Global
	GlobalSection(SolutionConfigurationPlatforms) = preSolution
		Debug|Any CPU = Debug|Any CPU
		Release|Any CPU = Release|Any CPU
	EndGlobalSection
	GlobalSection(ProjectConfigurationPlatforms) = postSolution
		{48A35E74-2CB7-4581-AB87-6FBCC79060CC}.Debug|Any CPU.ActiveCfg = Debug|Any CPU
		{48A35E74-2CB7-4581-AB87-6FBCC79060CC}.Debug|Any CPU.Build.0 = Debug|Any CPU
		{48A35E74-2CB7-4581-AB87-6FBCC79060CC}.Release|Any CPU.ActiveCfg = Release|Any CPU
		{48A35E74-2CB7-4581-AB87-6FBCC79060CC}.Release|Any CPU.Build.0 = Release|Any CPU
	EndGlobalSection
	GlobalSection(SolutionProperties) = preSolution
		HideSolutionNode = FALSE
	EndGlobalSection
	GlobalSection(ExtensibilityGlobals) = postSolution
		SolutionGuid = {B911C70D-F732-4CE4-87A7-536652E33844}
	EndGlobalSection
EndGlobal
